
Microsoft Visual Studio Solution File, Format Version 12.00
# Visual Studio Version 17
VisualStudioVersion = 17.13.35828.75 d17.13
MinimumVisualStudioVersion = 10.0.40219.1
Project("{FAE04EC0-301F-11D3-BF4B-00C04F79EFBC}") = "Itenium.Confac.Playwright", "Itenium.Confac.Playwright.csproj", "{55DFF7A9-AE40-508C-69C6-192002807BB7}"
EndProject
Global
	GlobalSection(SolutionConfigurationPlatforms) = preSolution
		Debug|Any CPU = Debug|Any CPU
		Release|Any CPU = Release|Any CPU
	EndGlobalSection
	GlobalSection(ProjectConfigurationPlatforms) = postSolution
		{55DFF7A9-AE40-508C-69C6-192002807BB7}.Debug|Any CPU.ActiveCfg = Debug|Any CPU
		{55DFF7A9-AE40-508C-69C6-192002807BB7}.Debug|Any CPU.Build.0 = Debug|Any CPU
		{55DFF7A9-AE40-508C-69C6-192002807BB7}.Release|Any CPU.ActiveCfg = Release|Any CPU
		{55DFF7A9-AE40-508C-69C6-192002807BB7}.Release|Any CPU.Build.0 = Release|Any CPU
	EndGlobalSection
	GlobalSection(SolutionProperties) = preSolution
		HideSolutionNode = FALSE
	EndGlobalSection
	GlobalSection(ExtensibilityGlobals) = postSolution
		SolutionGuid = {0DEFCC98-74E1-4D4E-8649-DE98AABB35E3}
	EndGlobalSection
EndGlobal
